github.com/lowl11/lazyfile v0.0.9 h1:DbAxZeYEkwlU4dglaIJKdm1x30RqxWsL1dfJYv7TIdk=
github.com/lowl11/lazyfile v0.0.9/go.mod h1:qcGLmys85GL2O9Rr2Gk/I6JieY0CBifeMsGUWHtMNNg=
github.com/lowl11/lazyfile v0.1.0 h1:6h3Dd+Cr9kP81HDBu7aHi5Ljq/cswmgWTZPoJBhvURw=
github.com/lowl11/lazyfile v0.1.0/go.mod h1:qcGLmys85GL2O9Rr2Gk/I6JieY0CBifeMsGUWHtMNNg=
